
Microsoft Visual Studio Solution File, Format Version 12.00
# Visual Studio Version 17
VisualStudioVersion = 17.8.34511.84
MinimumVisualStudioVersion = 10.0.40219.1
Project("{FAE04EC0-301F-11D3-BF4B-00C04F79EFBC}") = "Obuchalka", "Obuchalka\Obuchalka.csproj", "{EA0CAD96-D856-4387-B6BF-8C7D5E54BC65}"
EndProject
Global
	GlobalSection(SolutionConfigurationPlatforms) = preSolution
		Debug|Any CPU = Debug|Any CPU
		Release|Any CPU = Release|Any CPU
	EndGlobalSection
	GlobalSection(ProjectConfigurationPlatforms) = postSolution
		{EA0CAD96-D856-4387-B6BF-8C7D5E54BC65}.Debug|Any CPU.ActiveCfg = Debug|Any CPU
		{EA0CAD96-D856-4387-B6BF-8C7D5E54BC65}.Debug|Any CPU.Build.0 = Debug|Any CPU
		{EA0CAD96-D856-4387-B6BF-8C7D5E54BC65}.Release|Any CPU.ActiveCfg = Release|Any CPU
		{EA0CAD96-D856-4387-B6BF-8C7D5E54BC65}.Release|Any CPU.Build.0 = Release|Any CPU
	EndGlobalSection
	GlobalSection(SolutionProperties) = preSolution
		HideSolutionNode = FALSE
	EndGlobalSection
	GlobalSection(ExtensibilityGlobals) = postSolution
		SolutionGuid = {9B58535F-08FC-4DF1-AD3D-5860F7783875}
	EndGlobalSection
EndGlobal
